{
  "name": "node-deprecations-pretty",
  "version": "1.0.0",
  "lockfileVersion": 3,
  "requires": true,
  "packages": {
    "": {
      "name": "node-deprecations-pretty",
      "version": "1.0.0",
      "license": "MIT",
      "dependencies": {
        "mdbox": "^0.1.1"
      },
      "devDependencies": {
        "@types/node": "^24.8.1",
        "typescript": "^5.9.3"
      }
    },
    "node_modules/@types/node": {
      "version": "24.8.1",
      "resolved": "https://registry.npmjs.org/@types/node/-/node-24.8.1.tgz",
      "integrity": "sha512-alv65KGRadQVfVcG69MuB4IzdYVpRwMG/mq8KWOaoOdyY617P5ivaDiMCGOFDWD2sAn5Q0mR3mRtUOgm99hL9Q==",
      "dev": true,
      "license": "MIT",
      "dependencies": {
        "undici-types": "~7.14.0"
      }
    },
    "node_modules/md4w": {
      "version": "0.2.7",
      "resolved": "https://registry.npmjs.org/md4w/-/md4w-0.2.7.tgz",
      "integrity": "sha512-lFM7vwk3d4MzkV2mija7aPkK6OjKXZDQsH2beX+e2cvccBoqc6RraheMtAO0Wcr/gjj5L+WS5zhb+06AmuGZrg==",
      "license": "MIT"
    },
    "node_modules/mdbox": {
      "version": "0.1.1",
      "resolved": "https://registry.npmjs.org/mdbox/-/mdbox-0.1.1.tgz",
      "integrity": "sha512-jvLISenzbLRPWWamTG3THlhTcMbKWzJQNyTi61AVXhCBOC+gsldNTUfUNH8d3Vay83zGehFw3wZpF3xChzkTIQ==",
      "license": "MIT",
      "dependencies": {
        "md4w": "^0.2.6"
      }
    },
    "node_modules/typescript": {
      "version": "5.9.3",
      "resolved": "https://registry.npmjs.org/typescript/-/typescript-5.9.3.tgz",
      "integrity": "sha512-jl1vZzPDinLr9eUt3J/t7V6FgNEw9QjvBPdysz9KfQDD41fQrC2Y4vKQdiaUpFT4bXlb1RHhLpp8wtm6M5TgSw==",
      "dev": true,
      "license": "Apache-2.0",
      "bin": {
        "tsc": "bin/tsc",
        "tsserver": "bin/tsserver"
      },
      "engines": {
        "node": ">=14.17"
      }
    },
    "node_modules/undici-types": {
      "version": "7.14.0",
      "resolved": "https://registry.npmjs.org/undici-types/-/undici-types-7.14.0.tgz",
      "integrity": "sha512-QQiYxHuyZ9gQUIrmPo3IA+hUl4KYk8uSA7cHrcKd/l3p1OTpZcM0Tbp9x7FAtXdAYhlasd60ncPpgu6ihG6TOA==",
      "dev": true,
      "license": "MIT"
    }
  }
}
